
Microsoft Visual Studio Solution File, Format Version 12.00
# Visual Studio Version 17
VisualStudioVersion = 17.0.31919.166
MinimumVisualStudioVersion = 10.0.40219.1
Project("{9A19103F-16F7-4668-BE54-9A1E7A4F7556}") = "XcssParser", "AntlrCSharp\XcssParser.csproj", "{68338720-A652-4439-8DF2-797B35AD56D2}"
EndProject
Project("{9A19103F-16F7-4668-BE54-9A1E7A4F7556}") = "XcssParserTests", "AntlrCSharpTests\XcssParserTests.csproj", "{370188E7-E812-4D84-929C-D5969C977F94}"
EndProject
Project("{FAE04EC0-301F-11D3-BF4B-00C04F79EFBC}") = "XcssSelectors", "XcssSelectors\XcssSelectors.csproj", "{01BE2221-500B-44FC-BBA2-C3C0F525AAC6}"
EndProject
Project("{FAE04EC0-301F-11D3-BF4B-00C04F79EFBC}") = "XcssSelectorsTests", "XcssSelectorsTests\XcssSelectorsTests.csproj", "{1811BFB7-9A6E-47D0-9F6B-E7F246ADE7DD}"
EndProject
Global
	GlobalSection(SolutionConfigurationPlatforms) = preSolution
		Debug|Any CPU = Debug|Any CPU
		Release|Any CPU = Release|Any CPU
	EndGlobalSection
	GlobalSection(ProjectConfigurationPlatforms) = postSolution
		{68338720-A652-4439-8DF2-797B35AD56D2}.Debug|Any CPU.ActiveCfg = Debug|Any CPU
		{68338720-A652-4439-8DF2-797B35AD56D2}.Debug|Any CPU.Build.0 = Debug|Any CPU
		{68338720-A652-4439-8DF2-797B35AD56D2}.Release|Any CPU.ActiveCfg = Release|Any CPU
		{68338720-A652-4439-8DF2-797B35AD56D2}.Release|Any CPU.Build.0 = Release|Any CPU
		{370188E7-E812-4D84-929C-D5969C977F94}.Debug|Any CPU.ActiveCfg = Debug|Any CPU
		{370188E7-E812-4D84-929C-D5969C977F94}.Debug|Any CPU.Build.0 = Debug|Any CPU
		{370188E7-E812-4D84-929C-D5969C977F94}.Release|Any CPU.ActiveCfg = Release|Any CPU
		{370188E7-E812-4D84-929C-D5969C977F94}.Release|Any CPU.Build.0 = Release|Any CPU
		{01BE2221-500B-44FC-BBA2-C3C0F525AAC6}.Debug|Any CPU.ActiveCfg = Debug|Any CPU
		{01BE2221-500B-44FC-BBA2-C3C0F525AAC6}.Debug|Any CPU.Build.0 = Debug|Any CPU
		{01BE2221-500B-44FC-BBA2-C3C0F525AAC6}.Release|Any CPU.ActiveCfg = Release|Any CPU
		{01BE2221-500B-44FC-BBA2-C3C0F525AAC6}.Release|Any CPU.Build.0 = Release|Any CPU
		{1811BFB7-9A6E-47D0-9F6B-E7F246ADE7DD}.Debug|Any CPU.ActiveCfg = Debug|Any CPU
		{1811BFB7-9A6E-47D0-9F6B-E7F246ADE7DD}.Debug|Any CPU.Build.0 = Debug|Any CPU
		{1811BFB7-9A6E-47D0-9F6B-E7F246ADE7DD}.Release|Any CPU.ActiveCfg = Release|Any CPU
		{1811BFB7-9A6E-47D0-9F6B-E7F246ADE7DD}.Release|Any CPU.Build.0 = Release|Any CPU
	EndGlobalSection
	GlobalSection(SolutionProperties) = preSolution
		HideSolutionNode = FALSE
	EndGlobalSection
	GlobalSection(ExtensibilityGlobals) = postSolution
		SolutionGuid = {96C908E0-B997-4A49-A461-568791421B32}
	EndGlobalSection
EndGlobal
